
Microsoft Visual Studio Solution File, Format Version 12.00
# Visual Studio Version 17
VisualStudioVersion = 17.9.34728.123
MinimumVisualStudioVersion = 10.0.40219.1
Project("{888888A0-9F3D-457C-B088-3A5042F75D52}") = "PyGame", "PyGame\PyGame.pyproj", "{D593FE1A-D277-41AC-9C7A-4F176557064F}"
EndProject
Global
	GlobalSection(SolutionConfigurationPlatforms) = preSolution
		Debug|Any CPU = Debug|Any CPU
		Release|Any CPU = Release|Any CPU
	EndGlobalSection
	GlobalSection(ProjectConfigurationPlatforms) = postSolution
		{D593FE1A-D277-41AC-9C7A-4F176557064F}.Debug|Any CPU.ActiveCfg = Debug|Any CPU
		{D593FE1A-D277-41AC-9C7A-4F176557064F}.Release|Any CPU.ActiveCfg = Release|Any CPU
	EndGlobalSection
	GlobalSection(SolutionProperties) = preSolution
		HideSolutionNode = FALSE
	EndGlobalSection
	GlobalSection(ExtensibilityGlobals) = postSolution
		SolutionGuid = {EE15C1A2-CA65-40B4-8DA4-02DA1C523409}
	EndGlobalSection
EndGlobal
